// !$*UTF8*$!
{
	archiveVersion = 1;
	classes = {
	};
	objectVersion = 46;
	objects = {

/* Begin PBXBuildFile section */
		AE0320161F08EB0100D92DA7 /* Cartfile in Resources */ = {isa = PBXBuildFile; fileRef = AE0320151F08EB0100D92DA7 /* Cartfile */; };
		AE0320191F08EC1300D92DA7 /* AppStoreStyleHorizontalScrollView.framework in Frameworks */ = {isa = PBXBuildFile; fileRef = AE0320181F08EC1300D92DA7 /* AppStoreStyleHorizontalScrollView.framework */; };
		AE03201C1F08ED7200D92DA7 /* NewTaskViewController.swift in Sources */ = {isa = PBXBuildFile; fileRef = AE03201B1F08ED7200D92DA7 /* NewTaskViewController.swift */; };
		AE4B3C061F090A7800DA4302 /* NewTaskTableViewCell.swift in Sources */ = {isa = PBXBuildFile; fileRef = AE4B3C041F090A7800DA4302 /* NewTaskTableViewCell.swift */; };
		AE4B3C071F090A7800DA4302 /* NewTaskTableViewCell.xib in Resources */ = {isa = PBXBuildFile; fileRef = AE4B3C051F090A7800DA4302 /* NewTaskTableViewCell.xib */; };
		AE9B12B61F08D18A005B96B4 /* AppDelegate.swift in Sources */ = {isa = PBXBuildFile; fileRef = AE9B12B51F08D18A005B96B4 /* AppDelegate.swift */; };
		AE9B12BB1F08D18A005B96B4 /* Main.storyboard in Resources */ = {isa = PBXBuildFile; fileRef = AE9B12B91F08D18A005B96B4 /* Main.storyboard */; };
		AE9B12BE1F08D18A005B96B4 /* TaskillerDemo.xcdatamodeld in Sources */ = {isa = PBXBuildFile; fileRef = AE9B12BC1F08D18A005B96B4 /* TaskillerDemo.xcdatamodeld */; };
		AE9B12C01F08D18A005B96B4 /* Assets.xcassets in Resources */ = {isa = PBXBuildFile; fileRef = AE9B12BF1F08D18A005B96B4 /* Assets.xcassets */; };
		AE9B12C31F08D18A005B96B4 /* LaunchScreen.storyboard in Resources */ = {isa = PBXBuildFile; fileRef = AE9B12C11F08D18A005B96B4 /* LaunchScreen.storyboard */; };
		AE9B12CB1F08D2B2005B96B4 /* TodayViewController.swift in Sources */ = {isa = PBXBuildFile; fileRef = AE9B12CA1F08D2B2005B96B4 /* TodayViewController.swift */; };
/* End PBXBuildFile section */

/* Begin PBXFileReference section */
		AE0320151F08EB0100D92DA7 /* Cartfile */ = {isa = PBXFileReference; fileEncoding = 4; lastKnownFileType = text; path = Cartfile; sourceTree = "<group>"; };
		AE0320181F08EC1300D92DA7 /* AppStoreStyleHorizontalScrollView.framework */ = {isa = PBXFileReference; lastKnownFileType = wrapper.framework; name = AppStoreStyleHorizontalScrollView.framework; path = Carthage/Build/iOS/AppStoreStyleHorizontalScrollView.framework; sourceTree = "<group>"; };
		AE03201B1F08ED7200D92DA7 /* NewTaskViewController.swift */ = {isa = PBXFileReference; fileEncoding = 4; lastKnownFileType = sourcecode.swift; path = NewTaskViewController.swift; sourceTree = "<group>"; };
		AE4B3C041F090A7800DA4302 /* NewTaskTableViewCell.swift */ = {isa = PBXFileReference; fileEncoding = 4; lastKnownFileType = sourcecode.swift; path = NewTaskTableViewCell.swift; sourceTree = "<group>"; };
		AE4B3C051F090A7800DA4302 /* NewTaskTableViewCell.xib */ = {isa = PBXFileReference; fileEncoding = 4; lastKnownFileType = file.xib; path = NewTaskTableViewCell.xib; sourceTree = "<group>"; };
		AE9B12B21F08D18A005B96B4 /* TaskillerDemo.app */ = {isa = PBXFileReference; explicitFileType = wrapper.application; includeInIndex = 0; path = TaskillerDemo.app; sourceTree = BUILT_PRODUCTS_DIR; };
		AE9B12B51F08D18A005B96B4 /* AppDelegate.swift */ = {isa = PBXFileReference; lastKnownFileType = sourcecode.swift; path = AppDelegate.swift; sourceTree = "<group>"; };
		AE9B12BA1F08D18A005B96B4 /* Base */ = {isa = PBXFileReference; lastKnownFileType = file.storyboard; name = Base; path = Base.lproj/Main.storyboard; sourceTree = "<group>"; };
		AE9B12BD1F08D18A005B96B4 /* TaskillerDemo.xcdatamodel */ = {isa = PBXFileReference; lastKnownFileType = wrapper.xcdatamodel; path = TaskillerDemo.xcdatamodel; sourceTree = "<group>"; };
		AE9B12BF1F08D18A005B96B4 /* Assets.xcassets */ = {isa = PBXFileReference; lastKnownFileType = folder.assetcatalog; path = Assets.xcassets; sourceTree = "<group>"; };
		AE9B12C21F08D18A005B96B4 /* Base */ = {isa = PBXFileReference; lastKnownFileType = file.storyboard; name = Base; path = Base.lproj/LaunchScreen.storyboard; sourceTree = "<group>"; };
		AE9B12C41F08D18A005B96B4 /* Info.plist */ = {isa = PBXFileReference; lastKnownFileType = text.plist.xml; path = Info.plist; sourceTree = "<group>"; };
		AE9B12CA1F08D2B2005B96B4 /* TodayViewController.swift */ = {isa = PBXFileReference; fileEncoding = 4; lastKnownFileType = sourcecode.swift; path = TodayViewController.swift; sourceTree = "<group>"; };
/* End PBXFileReference section */

/* Begin PBXFrameworksBuildPhase section */
		AE9B12AF1F08D18A005B96B4 /* Frameworks */ = {
			isa = PBXFrameworksBuildPhase;
			buildActionMask = 2147483647;
			files = (
				AE0320191F08EC1300D92DA7 /* AppStoreStyleHorizontalScrollView.framework in Frameworks */,
			);
			runOnlyForDeploymentPostprocessing = 0;
		};
/* End PBXFrameworksBuildPhase section */

/* Begin PBXGroup section */
		AE0320171F08EC1300D92DA7 /* Frameworks */ = {
			isa = PBXGroup;
			children = (
				AE0320181F08EC1300D92DA7 /* AppStoreStyleHorizontalScrollView.framework */,
			);
			name = Frameworks;
			sourceTree = "<group>";
		};
		AE9B12A91F08D18A005B96B4 = {
			isa = PBXGroup;
			children = (
				AE9B12B41F08D18A005B96B4 /* TaskillerDemo */,
				AE9B12B31F08D18A005B96B4 /* Products */,
				AE0320151F08EB0100D92DA7 /* Cartfile */,
				AE0320171F08EC1300D92DA7 /* Frameworks */,
			);
			sourceTree = "<group>";
		};
		AE9B12B31F08D18A005B96B4 /* Products */ = {
			isa = PBXGroup;
			children = (
				AE9B12B21F08D18A005B96B4 /* TaskillerDemo.app */,
			);
			name = Products;
			sourceTree = "<group>";
		};
		AE9B12B41F08D18A005B96B4 /* TaskillerDemo */ = {
			isa = PBXGroup;
			children = (
				AE9B12B51F08D18A005B96B4 /* AppDelegate.swift */,
				AE9B12B91F08D18A005B96B4 /* Main.storyboard */,
				AE9B12BF1F08D18A005B96B4 /* Assets.xcassets */,
				AE9B12C11F08D18A005B96B4 /* LaunchScreen.storyboard */,
				AE9B12C41F08D18A005B96B4 /* Info.plist */,
				AE9B12BC1F08D18A005B96B4 /* TaskillerDemo.xcdatamodeld */,
				AE9B12CA1F08D2B2005B96B4 /* TodayViewController.swift */,
				AE03201B1F08ED7200D92DA7 /* NewTaskViewController.swift */,
				AE4B3C041F090A7800DA4302 /* NewTaskTableViewCell.swift */,
				AE4B3C051F090A7800DA4302 /* NewTaskTableViewCell.xib */,
			);
			path = TaskillerDemo;
			sourceTree = "<group>";
		};
/* End PBXGroup section */

/* Begin PBXNativeTarget section */
		AE9B12B11F08D18A005B96B4 /* TaskillerDemo */ = {
			isa = PBXNativeTarget;
			buildConfigurationList = AE9B12C71F08D18A005B96B4 /* Build configuration list for PBXNativeTarget "TaskillerDemo" */;
			buildPhases = (
				AE9B12AE1F08D18A005B96B4 /* Sources */,
				AE9B12AF1F08D18A005B96B4 /* Frameworks */,
				AE9B12B01F08D18A005B96B4 /* Resources */,
				AE03201A1F08EC5000D92DA7 /* ShellScript */,
			);
			buildRules = (
			);
			dependencies = (
			);
			name = TaskillerDemo;
			productName = TaskillerDemo;
			productReference = AE9B12B21F08D18A005B96B4 /* TaskillerDemo.app */;
			productType = "com.apple.product-type.application";
		};
/* End PBXNativeTarget section */

/* Begin PBXProject section */
		AE9B12AA1F08D18A005B96B4 /* Project object */ = {
			isa = PBXProject;
			attributes = {
				LastSwiftUpdateCheck = 0830;
				LastUpgradeCheck = 0830;
				ORGANIZATIONNAME = kingcyk;
				TargetAttributes = {
					AE9B12B11F08D18A005B96B4 = {
						CreatedOnToolsVersion = 8.3.2;
						DevelopmentTeam = 982HK3878L;
						ProvisioningStyle = Automatic;
					};
				};
			};
			buildConfigurationList = AE9B12AD1F08D18A005B96B4 /* Build configuration list for PBXProject "TaskillerDemo" */;
			compatibilityVersion = "Xcode 3.2";
			developmentRegion = English;
			hasScannedForEncodings = 0;
			knownRegions = (
				en,
				Base,
			);
			mainGroup = AE9B12A91F08D18A005B96B4;
			productRefGroup = AE9B12B31F08D18A005B96B4 /* Products */;
			projectDirPath = "";
			projectRoot = "";
			targets = (
				AE9B12B11F08D18A005B96B4 /* TaskillerDemo */,
			);
		};
/* End PBXProject section */

/* Begin PBXResourcesBuildPhase section */
		AE9B12B01F08D18A005B96B4 /* Resources */ = {
			isa = PBXResourcesBuildPhase;
			buildActionMask = 2147483647;
			files = (
				AE9B12C31F08D18A005B96B4 /* LaunchScreen.storyboard in Resources */,
				AE9B12C01F08D18A005B96B4 /* Assets.xcassets in Resources */,
				AE0320161F08EB0100D92DA7 /* Cartfile in Resources */,
				AE9B12BB1F08D18A005B96B4 /* Main.storyboard in Resources */,
				AE4B3C071F090A7800DA4302 /* NewTaskTableViewCell.xib in Resources */,
			);
			runOnlyForDeploymentPostprocessing = 0;
		};
/* End PBXResourcesBuildPhase section */

/* Begin PBXShellScriptBuildPhase section */
		AE03201A1F08EC5000D92DA7 /* ShellScript */ = {
			isa = PBXShellScriptBuildPhase;
			buildActionMask = 2147483647;
			files = (
			);
			inputPaths = (
				"$(SRCROOT)/Carthage/Build/iOS/AppStoreStyleHorizontalScrollView.framework",
			);
			outputPaths = (
			);
			runOnlyForDeploymentPostprocessing = 0;
			shellPath = /bin/sh;
			shellScript = "/usr/local/bin/carthage copy-frameworks";
		};
/* End PBXShellScriptBuildPhase section */

/* Begin PBXSourcesBuildPhase section */
		AE9B12AE1F08D18A005B96B4 /* Sources */ = {
			isa = PBXSourcesBuildPhase;
			buildActionMask = 2147483647;
			files = (
				AE9B12CB1F08D2B2005B96B4 /* TodayViewController.swift in Sources */,
				AE9B12B61F08D18A005B96B4 /* AppDelegate.swift in Sources */,
				AE03201C1F08ED7200D92DA7 /* NewTaskViewController.swift in Sources */,
				AE4B3C061F090A7800DA4302 /* NewTaskTableViewCell.swift in Sources */,
				AE9B12BE1F08D18A005B96B4 /* TaskillerDemo.xcdatamodeld in Sources */,
			);
			runOnlyForDeploymentPostprocessing = 0;
		};
/* End PBXSourcesBuildPhase section */

/* Begin PBXVariantGroup section */
		AE9B12B91F08D18A005B96B4 /* Main.storyboard */ = {
			isa = PBXVariantGroup;
			children = (
				AE9B12BA1F08D18A005B96B4 /* Base */,
			);
			name = Main.storyboard;
			sourceTree = "<group>";
		};
		AE9B12C11F08D18A005B96B4 /* LaunchScreen.storyboard */ = {
			isa = PBXVariantGroup;
			children = (
				AE9B12C21F08D18A005B96B4 /* Base */,
			);
			name = LaunchScreen.storyboard;
			sourceTree = "<group>";
		};
/* End PBXVariantGroup section */

/* Begin XCBuildConfiguration section */
		AE9B12C51F08D18A005B96B4 /* Debug */ = {
			isa = XCBuildConfiguration;
			buildSettings = {
				ALWAYS_SEARCH_USER_PATHS = NO;
				CLANG_ANALYZER_NONNULL = YES;
				CLANG_ANALYZER_NUMBER_OBJECT_CONVERSION = YES_AGGRESSIVE;
				CLANG_CXX_LANGUAGE_STANDARD = "gnu++0x";
				CLANG_CXX_LIBRARY = "libc++";
				CLANG_ENABLE_MODULES = YES;
				CLANG_ENABLE_OBJC_ARC = YES;
				CLANG_WARN_BOOL_CONVERSION = YES;
				CLANG_WARN_CONSTANT_CONVERSION = YES;
				CLANG_WARN_DIRECT_OBJC_ISA_USAGE = YES_ERROR;
				CLANG_WARN_DOCUMENTATION_COMMENTS = YES;
				CLANG_WARN_EMPTY_BODY = YES;
				CLANG_WARN_ENUM_CONVERSION = YES;
				CLANG_WARN_INFINITE_RECURSION = YES;
				CLANG_WARN_INT_CONVERSION = YES;
				CLANG_WARN_OBJC_ROOT_CLASS = YES_ERROR;
				CLANG_WARN_SUSPICIOUS_MOVE = YES;
				CLANG_WARN_UNREACHABLE_CODE = YES;
				CLANG_WARN__DUPLICATE_METHOD_MATCH = YES;
				"CODE_SIGN_IDENTITY[sdk=iphoneos*]" = "iPhone Developer";
				COPY_PHASE_STRIP = NO;
				DEBUG_INFORMATION_FORMAT = dwarf;
				ENABLE_STRICT_OBJC_MSGSEND = YES;
				ENABLE_TESTABILITY = YES;
				GCC_C_LANGUAGE_STANDARD = gnu99;
				GCC_DYNAMIC_NO_PIC = NO;
				GCC_NO_COMMON_BLOCKS = YES;
				GCC_OPTIMIZATION_LEVEL = 0;
				GCC_PREPROCESSOR_DEFINITIONS = (
					"DEBUG=1",
					"$(inherited)",
				);
				GCC_WARN_64_TO_32_BIT_CONVERSION = YES;
				GCC_WARN_ABOUT_RETURN_TYPE = YES_ERROR;
				GCC_WARN_UNDECLARED_SELECTOR = YES;
				GCC_WARN_UNINITIALIZED_AUTOS = YES_AGGRESSIVE;
				GCC_WARN_UNUSED_FUNCTION = YES;
				GCC_WARN_UNUSED_VARIABLE = YES;
				IPHONEOS_DEPLOYMENT_TARGET = 10.3;
				MTL_ENABLE_DEBUG_INFO = YES;
				ONLY_ACTIVE_ARCH = YES;
				SDKROOT = iphoneos;
				SWIFT_ACTIVE_COMPILATION_CONDITIONS = DEBUG;
				SWIFT_OPTIMIZATION_LEVEL = "-Onone";
				TARGETED_DEVICE_FAMILY = "1,2";
			};
			name = Debug;
		};
		AE9B12C61F08D18A005B96B4 /* Release */ = {
			isa = XCBuildConfiguration;
			buildSettings = {
				ALWAYS_SEARCH_USER_PATHS = NO;
				CLANG_ANALYZER_NONNULL = YES;
				CLANG_ANALYZER_NUMBER_OBJECT_CONVERSION = YES_AGGRESSIVE;
				CLANG_CXX_LANGUAGE_STANDARD = "gnu++0x";
				CLANG_CXX_LIBRARY = "libc++";
				CLANG_ENABLE_MODULES = YES;
				CLANG_ENABLE_OBJC_ARC = YES;
				CLANG_WARN_BOOL_CONVERSION = YES;
				CLANG_WARN_CONSTANT_CONVERSION = YES;
				CLANG_WARN_DIRECT_OBJC_ISA_USAGE = YES_ERROR;
				CLANG_WARN_DOCUMENTATION_COMMENTS = YES;
				CLANG_WARN_EMPTY_BODY = YES;
				CLANG_WARN_ENUM_CONVERSION = YES;
				CLANG_WARN_INFINITE_RECURSION = YES;
				CLANG_WARN_INT_CONVERSION = YES;
				CLANG_WARN_OBJC_ROOT_CLASS = YES_ERROR;
				CLANG_WARN_SUSPICIOUS_MOVE = YES;
				CLANG_WARN_UNREACHABLE_CODE = YES;
				CLANG_WARN__DUPLICATE_METHOD_MATCH = YES;
				"CODE_SIGN_IDENTITY[sdk=iphoneos*]" = "iPhone Developer";
				COPY_PHASE_STRIP = NO;
				DEBUG_INFORMATION_FORMAT = "dwarf-with-dsym";
				ENABLE_NS_ASSERTIONS = NO;
				ENABLE_STRICT_OBJC_MSGSEND = YES;
				GCC_C_LANGUAGE_STANDARD = gnu99;
				GCC_NO_COMMON_BLOCKS = YES;
				GCC_WARN_64_TO_32_BIT_CONVERSION = YES;
				GCC_WARN_ABOUT_RETURN_TYPE = YES_ERROR;
				GCC_WARN_UNDECLARED_SELECTOR = YES;
				GCC_WARN_UNINITIALIZED_AUTOS = YES_AGGRESSIVE;
				GCC_WARN_UNUSED_FUNCTION = YES;
				GCC_WARN_UNUSED_VARIABLE = YES;
				IPHONEOS_DEPLOYMENT_TARGET = 10.3;
				MTL_ENABLE_DEBUG_INFO = NO;
				SDKROOT = iphoneos;
				SWIFT_OPTIMIZATION_LEVEL = "-Owholemodule";
				TARGETED_DEVICE_FAMILY = "1,2";
				VALIDATE_PRODUCT = YES;
			};
			name = Release;
		};
		AE9B12C81F08D18A005B96B4 /* Debug */ = {
			isa = XCBuildConfiguration;
			buildSettings = {
				ASSETCATALOG_COMPILER_APPICON_NAME = AppIcon;
				DEVELOPMENT_TEAM = 982HK3878L;
				FRAMEWORK_SEARCH_PATHS = (
					"$(inherited)",
					"$(PROJECT_DIR)/Carthage/Build/iOS",
				);
				INFOPLIST_FILE = TaskillerDemo/Info.plist;
				IPHONEOS_DEPLOYMENT_TARGET = 10.0;
				LD_RUNPATH_SEARCH_PATHS = "$(inherited) @executable_path/Frameworks";
				PRODUCT_BUNDLE_IDENTIFIER = com.kingcyk.TaskillerDemo;
				PRODUCT_NAME = "$(TARGET_NAME)";
				SWIFT_VERSION = 3.0;
			};
			name = Debug;
		};
		AE9B12C91F08D18A005B96B4 /* Release */ = {
			isa = XCBuildConfiguration;
			buildSettings = {
				ASSETCATALOG_COMPILER_APPICON_NAME = AppIcon;
				DEVELOPMENT_TEAM = 982HK3878L;
				FRAMEWORK_SEARCH_PATHS = (
					"$(inherited)",
					"$(PROJECT_DIR)/Carthage/Build/iOS",
				);
				INFOPLIST_FILE = TaskillerDemo/Info.plist;
				IPHONEOS_DEPLOYMENT_TARGET = 10.0;
				LD_RUNPATH_SEARCH_PATHS = "$(inherited) @executable_path/Frameworks";
				PRODUCT_BUNDLE_IDENTIFIER = com.kingcyk.TaskillerDemo;
				PRODUCT_NAME = "$(TARGET_NAME)";
				SWIFT_VERSION = 3.0;
			};
			name = Release;
		};
/* End XCBuildConfiguration section */

/* Begin XCConfigurationList section */
		AE9B12AD1F08D18A005B96B4 /* Build configuration list for PBXProject "TaskillerDemo" */ = {
			isa = XCConfigurationList;
			buildConfigurations = (
				AE9B12C51F08D18A005B96B4 /* Debug */,
				AE9B12C61F08D18A005B96B4 /* Release */,
			);
			defaultConfigurationIsVisible = 0;
			defaultConfigurationName = Release;
		};
		AE9B12C71F08D18A005B96B4 /* Build configuration list for PBXNativeTarget "TaskillerDemo" */ = {
			isa = XCConfigurationList;
			buildConfigurations = (
				AE9B12C81F08D18A005B96B4 /* Debug */,
				AE9B12C91F08D18A005B96B4 /* Release */,
			);
			defaultConfigurationIsVisible = 0;
			defaultConfigurationName = Release;
		};
/* End XCConfigurationList section */

/* Begin XCVersionGroup section */
		AE9B12BC1F08D18A005B96B4 /* TaskillerDemo.xcdatamodeld */ = {
			isa = XCVersionGroup;
			children = (
				AE9B12BD1F08D18A005B96B4 /* TaskillerDemo.xcdatamodel */,
			);
			currentVersion = AE9B12BD1F08D18A005B96B4 /* TaskillerDemo.xcdatamodel */;
			path = TaskillerDemo.xcdatamodeld;
			sourceTree = "<group>";
			versionGroupType = wrapper.xcdatamodel;
		};
/* End XCVersionGroup section */
	};
	rootObject = AE9B12AA1F08D18A005B96B4 /* Project object */;
}
