// !$*UTF8*$!
{
	archiveVersion = 1;
	classes = {
	};
	objectVersion = 46;
	objects = {

/* Begin PBXBuildFile section */
		AE0320161F08EB0100D92DA7 /* Cartfile in Resources */ = {isa = PBXBuildFile; fileRef = AE0320151F08EB0100D92DA7 /* Cartfile */; };
		AE0320191F08EC1300D92DA7 /* AppStoreStyleHorizontalScrollView.framework in Frameworks */ = {isa = PBXBuildFile; fileRef = AE0320181F08EC1300D92DA7 /* AppStoreStyleHorizontalScrollView.framework */; };
		AE03201C1F08ED7200D92DA7 /* NewTaskViewController.swift in Sources */ = {isa = PBXBuildFile; fileRef = AE03201B1F08ED7200D92DA7 /* NewTaskViewController.swift */; };
		AE061C161F0919AE00F91267 /* NewTaskCollectionViewCell.swift in Sources */ = {isa = PBXBuildFile; fileRef = AE061C141F0919AE00F91267 /* NewTaskCollectionViewCell.swift */; };
		AE061C171F0919AE00F91267 /* NewTaskCollectionViewCell.xib in Resources */ = {isa = PBXBuildFile; fileRef = AE061C151F0919AE00F91267 /* NewTaskCollectionViewCell.xib */; };
		AE4B3C061F090A7800DA4302 /* NewTaskTableViewCell.swift in Sources */ = {isa = PBXBuildFile; fileRef = AE4B3C041F090A7800DA4302 /* NewTaskTableViewCell.swift */; };
		AE4B3C071F090A7800DA4302 /* NewTaskTableViewCell.xib in Resources */ = {isa = PBXBuildFile; fileRef = AE4B3C051F090A7800DA4302 /* NewTaskTableViewCell.xib */; };
		AE551A281F65958700D40263 /* Realm.framework in Frameworks */ = {isa = PBXBuildFile; fileRef = AE551A261F65958700D40263 /* Realm.framework */; };
		AE551A291F65958700D40263 /* RealmSwift.framework in Frameworks */ = {isa = PBXBuildFile; fileRef = AE551A271F65958700D40263 /* RealmSwift.framework */; };
		AE80B8221F14D44F00F7CB29 /* TaskillerDemoKit.h in Headers */ = {isa = PBXBuildFile; fileRef = AE80B8201F14D44F00F7CB29 /* TaskillerDemoKit.h */; settings = {ATTRIBUTES = (Public, ); }; };
		AE80B8251F14D44F00F7CB29 /* TaskillerKit.framework in Frameworks */ = {isa = PBXBuildFile; fileRef = AE80B81E1F14D44E00F7CB29 /* TaskillerKit.framework */; };
		AE80B8261F14D44F00F7CB29 /* TaskillerKit.framework in Embed Frameworks */ = {isa = PBXBuildFile; fileRef = AE80B81E1F14D44E00F7CB29 /* TaskillerKit.framework */; settings = {ATTRIBUTES = (CodeSignOnCopy, RemoveHeadersOnCopy, ); }; };
		AE80B82C1F14D47C00F7CB29 /* Common.swift in Sources */ = {isa = PBXBuildFile; fileRef = AE80B82B1F14D47C00F7CB29 /* Common.swift */; };
		AE9B12B61F08D18A005B96B4 /* AppDelegate.swift in Sources */ = {isa = PBXBuildFile; fileRef = AE9B12B51F08D18A005B96B4 /* AppDelegate.swift */; };
		AE9B12BB1F08D18A005B96B4 /* Main.storyboard in Resources */ = {isa = PBXBuildFile; fileRef = AE9B12B91F08D18A005B96B4 /* Main.storyboard */; };
		AE9B12BE1F08D18A005B96B4 /* TaskillerDemo.xcdatamodeld in Sources */ = {isa = PBXBuildFile; fileRef = AE9B12BC1F08D18A005B96B4 /* TaskillerDemo.xcdatamodeld */; };
		AE9B12C01F08D18A005B96B4 /* Assets.xcassets in Resources */ = {isa = PBXBuildFile; fileRef = AE9B12BF1F08D18A005B96B4 /* Assets.xcassets */; };
		AE9B12C31F08D18A005B96B4 /* LaunchScreen.storyboard in Resources */ = {isa = PBXBuildFile; fileRef = AE9B12C11F08D18A005B96B4 /* LaunchScreen.storyboard */; };
		AE9B12CB1F08D2B2005B96B4 /* TodayViewController.swift in Sources */ = {isa = PBXBuildFile; fileRef = AE9B12CA1F08D2B2005B96B4 /* TodayViewController.swift */; };
		AE9BA55C1F09265100276EEF /* ListsViewController.swift in Sources */ = {isa = PBXBuildFile; fileRef = AE9BA55B1F09265100276EEF /* ListsViewController.swift */; };
		AE9BA55E1F09266A00276EEF /* GalleryViewController.swift in Sources */ = {isa = PBXBuildFile; fileRef = AE9BA55D1F09266A00276EEF /* GalleryViewController.swift */; };
		AE9BE2231F65B81D0084A7F7 /* LoginViewController.swift in Sources */ = {isa = PBXBuildFile; fileRef = AE9BE2221F65B81D0084A7F7 /* LoginViewController.swift */; };
		AE9BE2251F65BDB20084A7F7 /* RegisterViewController.swift in Sources */ = {isa = PBXBuildFile; fileRef = AE9BE2241F65BDB20084A7F7 /* RegisterViewController.swift */; };
		AEA20C931F4B3F5A007E910E /* MenuViewController.swift in Sources */ = {isa = PBXBuildFile; fileRef = AEA20C921F4B3F5A007E910E /* MenuViewController.swift */; };
		AEA77D791F68060900A81171 /* MeViewController.swift in Sources */ = {isa = PBXBuildFile; fileRef = AEA77D781F68060900A81171 /* MeViewController.swift */; };
		AEBA6F1F1F629854009EC4BD /* AccountManager.swift in Sources */ = {isa = PBXBuildFile; fileRef = AEBA6F1E1F629854009EC4BD /* AccountManager.swift */; };
		AEBA6F211F629A0B009EC4BD /* KeychainAccess.framework in Frameworks */ = {isa = PBXBuildFile; fileRef = AEBA6F201F629A0B009EC4BD /* KeychainAccess.framework */; };
		AEBA6F221F629BAC009EC4BD /* KeychainAccess.framework in Frameworks */ = {isa = PBXBuildFile; fileRef = AEBA6F201F629A0B009EC4BD /* KeychainAccess.framework */; };
/* End PBXBuildFile section */

/* Begin PBXContainerItemProxy section */
		AE80B8231F14D44F00F7CB29 /* PBXContainerItemProxy */ = {
			isa = PBXContainerItemProxy;
			containerPortal = AE9B12AA1F08D18A005B96B4 /* Project object */;
			proxyType = 1;
			remoteGlobalIDString = AE80B81D1F14D44E00F7CB29;
			remoteInfo = TaskillerDemoKit;
		};
/* End PBXContainerItemProxy section */

/* Begin PBXCopyFilesBuildPhase section */
		AE80B82A1F14D44F00F7CB29 /* Embed Frameworks */ = {
			isa = PBXCopyFilesBuildPhase;
			buildActionMask = 2147483647;
			dstPath = "";
			dstSubfolderSpec = 10;
			files = (
				AE80B8261F14D44F00F7CB29 /* TaskillerKit.framework in Embed Frameworks */,
			);
			name = "Embed Frameworks";
			runOnlyForDeploymentPostprocessing = 0;
		};
/* End PBXCopyFilesBuildPhase section */

/* Begin PBXFileReference section */
		AE0320151F08EB0100D92DA7 /* Cartfile */ = {isa = PBXFileReference; fileEncoding = 4; lastKnownFileType = text; path = Cartfile; sourceTree = "<group>"; };
		AE0320181F08EC1300D92DA7 /* AppStoreStyleHorizontalScrollView.framework */ = {isa = PBXFileReference; lastKnownFileType = wrapper.framework; name = AppStoreStyleHorizontalScrollView.framework; path = Carthage/Build/iOS/AppStoreStyleHorizontalScrollView.framework; sourceTree = "<group>"; };
		AE03201B1F08ED7200D92DA7 /* NewTaskViewController.swift */ = {isa = PBXFileReference; fileEncoding = 4; lastKnownFileType = sourcecode.swift; path = NewTaskViewController.swift; sourceTree = "<group>"; };
		AE048A3B1F63E246000D1118 /* Taskiller.entitlements */ = {isa = PBXFileReference; lastKnownFileType = text.plist.entitlements; path = Taskiller.entitlements; sourceTree = SOURCE_ROOT; };
		AE061C141F0919AE00F91267 /* NewTaskCollectionViewCell.swift */ = {isa = PBXFileReference; fileEncoding = 4; lastKnownFileType = sourcecode.swift; path = NewTaskCollectionViewCell.swift; sourceTree = "<group>"; };
		AE061C151F0919AE00F91267 /* NewTaskCollectionViewCell.xib */ = {isa = PBXFileReference; fileEncoding = 4; lastKnownFileType = file.xib; path = NewTaskCollectionViewCell.xib; sourceTree = "<group>"; };
		AE4B3C041F090A7800DA4302 /* NewTaskTableViewCell.swift */ = {isa = PBXFileReference; fileEncoding = 4; lastKnownFileType = sourcecode.swift; path = NewTaskTableViewCell.swift; sourceTree = "<group>"; };
		AE4B3C051F090A7800DA4302 /* NewTaskTableViewCell.xib */ = {isa = PBXFileReference; fileEncoding = 4; lastKnownFileType = file.xib; path = NewTaskTableViewCell.xib; sourceTree = "<group>"; };
		AE551A261F65958700D40263 /* Realm.framework */ = {isa = PBXFileReference; lastKnownFileType = wrapper.framework; name = Realm.framework; path = Carthage/Build/iOS/Realm.framework; sourceTree = "<group>"; };
		AE551A271F65958700D40263 /* RealmSwift.framework */ = {isa = PBXFileReference; lastKnownFileType = wrapper.framework; name = RealmSwift.framework; path = Carthage/Build/iOS/RealmSwift.framework; sourceTree = "<group>"; };
		AE80B81E1F14D44E00F7CB29 /* TaskillerKit.framework */ = {isa = PBXFileReference; explicitFileType = wrapper.framework; includeInIndex = 0; path = TaskillerKit.framework; sourceTree = BUILT_PRODUCTS_DIR; };
		AE80B8201F14D44F00F7CB29 /* TaskillerDemoKit.h */ = {isa = PBXFileReference; lastKnownFileType = sourcecode.c.h; path = TaskillerDemoKit.h; sourceTree = "<group>"; };
		AE80B8211F14D44F00F7CB29 /* Info.plist */ = {isa = PBXFileReference; lastKnownFileType = text.plist.xml; path = Info.plist; sourceTree = "<group>"; };
		AE80B82B1F14D47C00F7CB29 /* Common.swift */ = {isa = PBXFileReference; fileEncoding = 4; lastKnownFileType = sourcecode.swift; path = Common.swift; sourceTree = "<group>"; };
		AE9B12B21F08D18A005B96B4 /* Taskiller.app */ = {isa = PBXFileReference; explicitFileType = wrapper.application; includeInIndex = 0; path = Taskiller.app; sourceTree = BUILT_PRODUCTS_DIR; };
		AE9B12B51F08D18A005B96B4 /* AppDelegate.swift */ = {isa = PBXFileReference; lastKnownFileType = sourcecode.swift; path = AppDelegate.swift; sourceTree = "<group>"; };
		AE9B12BA1F08D18A005B96B4 /* Base */ = {isa = PBXFileReference; lastKnownFileType = file.storyboard; name = Base; path = Base.lproj/Main.storyboard; sourceTree = "<group>"; };
		AE9B12BD1F08D18A005B96B4 /* TaskillerDemo.xcdatamodel */ = {isa = PBXFileReference; lastKnownFileType = wrapper.xcdatamodel; path = TaskillerDemo.xcdatamodel; sourceTree = "<group>"; };
		AE9B12BF1F08D18A005B96B4 /* Assets.xcassets */ = {isa = PBXFileReference; lastKnownFileType = folder.assetcatalog; path = Assets.xcassets; sourceTree = "<group>"; };
		AE9B12C21F08D18A005B96B4 /* Base */ = {isa = PBXFileReference; lastKnownFileType = file.storyboard; name = Base; path = Base.lproj/LaunchScreen.storyboard; sourceTree = "<group>"; };
		AE9B12C41F08D18A005B96B4 /* Info.plist */ = {isa = PBXFileReference; lastKnownFileType = text.plist.xml; path = Info.plist; sourceTree = "<group>"; };
		AE9B12CA1F08D2B2005B96B4 /* TodayViewController.swift */ = {isa = PBXFileReference; fileEncoding = 4; lastKnownFileType = sourcecode.swift; path = TodayViewController.swift; sourceTree = "<group>"; };
		AE9BA55B1F09265100276EEF /* ListsViewController.swift */ = {isa = PBXFileReference; fileEncoding = 4; lastKnownFileType = sourcecode.swift; path = ListsViewController.swift; sourceTree = "<group>"; };
		AE9BA55D1F09266A00276EEF /* GalleryViewController.swift */ = {isa = PBXFileReference; fileEncoding = 4; lastKnownFileType = sourcecode.swift; path = GalleryViewController.swift; sourceTree = "<group>"; };
		AE9BE2221F65B81D0084A7F7 /* LoginViewController.swift */ = {isa = PBXFileReference; fileEncoding = 4; lastKnownFileType = sourcecode.swift; path = LoginViewController.swift; sourceTree = "<group>"; };
		AE9BE2241F65BDB20084A7F7 /* RegisterViewController.swift */ = {isa = PBXFileReference; fileEncoding = 4; lastKnownFileType = sourcecode.swift; path = RegisterViewController.swift; sourceTree = "<group>"; };
		AEA20C921F4B3F5A007E910E /* MenuViewController.swift */ = {isa = PBXFileReference; fileEncoding = 4; lastKnownFileType = sourcecode.swift; path = MenuViewController.swift; sourceTree = "<group>"; };
		AEA77D781F68060900A81171 /* MeViewController.swift */ = {isa = PBXFileReference; fileEncoding = 4; lastKnownFileType = sourcecode.swift; path = MeViewController.swift; sourceTree = "<group>"; };
		AEBA6F1E1F629854009EC4BD /* AccountManager.swift */ = {isa = PBXFileReference; fileEncoding = 4; lastKnownFileType = sourcecode.swift; path = AccountManager.swift; sourceTree = "<group>"; };
		AEBA6F201F629A0B009EC4BD /* KeychainAccess.framework */ = {isa = PBXFileReference; lastKnownFileType = wrapper.framework; name = KeychainAccess.framework; path = Carthage/Build/iOS/KeychainAccess.framework; sourceTree = "<group>"; };
/* End PBXFileReference section */

/* Begin PBXFrameworksBuildPhase section */
		AE80B81A1F14D44E00F7CB29 /* Frameworks */ = {
			isa = PBXFrameworksBuildPhase;
			buildActionMask = 2147483647;
			files = (
				AEBA6F221F629BAC009EC4BD /* KeychainAccess.framework in Frameworks */,
			);
			runOnlyForDeploymentPostprocessing = 0;
		};
		AE9B12AF1F08D18A005B96B4 /* Frameworks */ = {
			isa = PBXFrameworksBuildPhase;
			buildActionMask = 2147483647;
			files = (
				AE551A281F65958700D40263 /* Realm.framework in Frameworks */,
				AE551A291F65958700D40263 /* RealmSwift.framework in Frameworks */,
				AEBA6F211F629A0B009EC4BD /* KeychainAccess.framework in Frameworks */,
				AE80B8251F14D44F00F7CB29 /* TaskillerKit.framework in Frameworks */,
				AE0320191F08EC1300D92DA7 /* AppStoreStyleHorizontalScrollView.framework in Frameworks */,
			);
			runOnlyForDeploymentPostprocessing = 0;
		};
/* End PBXFrameworksBuildPhase section */

/* Begin PBXGroup section */
		AE0320171F08EC1300D92DA7 /* Frameworks */ = {
			isa = PBXGroup;
			children = (
				AE551A261F65958700D40263 /* Realm.framework */,
				AE551A271F65958700D40263 /* RealmSwift.framework */,
				AEBA6F201F629A0B009EC4BD /* KeychainAccess.framework */,
				AE0320181F08EC1300D92DA7 /* AppStoreStyleHorizontalScrollView.framework */,
			);
			name = Frameworks;
			sourceTree = "<group>";
		};
		AE80B81F1F14D44F00F7CB29 /* TaskillerKit */ = {
			isa = PBXGroup;
			children = (
				AEBA6F1D1F629824009EC4BD /* Account */,
				AE80B8201F14D44F00F7CB29 /* TaskillerDemoKit.h */,
				AE80B8211F14D44F00F7CB29 /* Info.plist */,
				AE80B82B1F14D47C00F7CB29 /* Common.swift */,
			);
			name = TaskillerKit;
			path = TaskillerDemoKit;
			sourceTree = "<group>";
		};
		AE9B12A91F08D18A005B96B4 = {
			isa = PBXGroup;
			children = (
				AE9B12B41F08D18A005B96B4 /* Taskiller */,
				AE80B81F1F14D44F00F7CB29 /* TaskillerKit */,
				AE9B12B31F08D18A005B96B4 /* Products */,
				AE0320151F08EB0100D92DA7 /* Cartfile */,
				AE0320171F08EC1300D92DA7 /* Frameworks */,
			);
			sourceTree = "<group>";
		};
		AE9B12B31F08D18A005B96B4 /* Products */ = {
			isa = PBXGroup;
			children = (
				AE9B12B21F08D18A005B96B4 /* Taskiller.app */,
				AE80B81E1F14D44E00F7CB29 /* TaskillerKit.framework */,
			);
			name = Products;
			sourceTree = "<group>";
		};
		AE9B12B41F08D18A005B96B4 /* Taskiller */ = {
			isa = PBXGroup;
			children = (
				AE048A3B1F63E246000D1118 /* Taskiller.entitlements */,
				AE9B12B51F08D18A005B96B4 /* AppDelegate.swift */,
				AE9B12B91F08D18A005B96B4 /* Main.storyboard */,
				AE9B12BF1F08D18A005B96B4 /* Assets.xcassets */,
				AE9B12C11F08D18A005B96B4 /* LaunchScreen.storyboard */,
				AE9B12C41F08D18A005B96B4 /* Info.plist */,
				AE9B12BC1F08D18A005B96B4 /* TaskillerDemo.xcdatamodeld */,
				AE9B12CA1F08D2B2005B96B4 /* TodayViewController.swift */,
				AE03201B1F08ED7200D92DA7 /* NewTaskViewController.swift */,
				AE4B3C041F090A7800DA4302 /* NewTaskTableViewCell.swift */,
				AE4B3C051F090A7800DA4302 /* NewTaskTableViewCell.xib */,
				AE061C141F0919AE00F91267 /* NewTaskCollectionViewCell.swift */,
				AE061C151F0919AE00F91267 /* NewTaskCollectionViewCell.xib */,
				AE9BA55B1F09265100276EEF /* ListsViewController.swift */,
				AE9BA55D1F09266A00276EEF /* GalleryViewController.swift */,
				AEA20C921F4B3F5A007E910E /* MenuViewController.swift */,
				AE9BE2221F65B81D0084A7F7 /* LoginViewController.swift */,
				AE9BE2241F65BDB20084A7F7 /* RegisterViewController.swift */,
				AEA77D781F68060900A81171 /* MeViewController.swift */,
			);
			name = Taskiller;
			path = TaskillerDemo;
			sourceTree = "<group>";
		};
		AEBA6F1D1F629824009EC4BD /* Account */ = {
			isa = PBXGroup;
			children = (
				AEBA6F1E1F629854009EC4BD /* AccountManager.swift */,
			);
			name = Account;
			sourceTree = "<group>";
		};
/* End PBXGroup section */

/* Begin PBXHeadersBuildPhase section */
		AE80B81B1F14D44E00F7CB29 /* Headers */ = {
			isa = PBXHeadersBuildPhase;
			buildActionMask = 2147483647;
			files = (
				AE80B8221F14D44F00F7CB29 /* TaskillerDemoKit.h in Headers */,
			);
			runOnlyForDeploymentPostprocessing = 0;
		};
/* End PBXHeadersBuildPhase section */

/* Begin PBXNativeTarget section */
		AE80B81D1F14D44E00F7CB29 /* TaskillerKit */ = {
			isa = PBXNativeTarget;
			buildConfigurationList = AE80B8291F14D44F00F7CB29 /* Build configuration list for PBXNativeTarget "TaskillerKit" */;
			buildPhases = (
				AE80B8191F14D44E00F7CB29 /* Sources */,
				AE80B81A1F14D44E00F7CB29 /* Frameworks */,
				AE80B81B1F14D44E00F7CB29 /* Headers */,
				AE80B81C1F14D44E00F7CB29 /* Resources */,
			);
			buildRules = (
			);
			dependencies = (
			);
			name = TaskillerKit;
			productName = TaskillerDemoKit;
			productReference = AE80B81E1F14D44E00F7CB29 /* TaskillerKit.framework */;
			productType = "com.apple.product-type.framework";
		};
		AE9B12B11F08D18A005B96B4 /* Taskiller */ = {
			isa = PBXNativeTarget;
			buildConfigurationList = AE9B12C71F08D18A005B96B4 /* Build configuration list for PBXNativeTarget "Taskiller" */;
			buildPhases = (
				AE9B12AE1F08D18A005B96B4 /* Sources */,
				AE9B12AF1F08D18A005B96B4 /* Frameworks */,
				AE9B12B01F08D18A005B96B4 /* Resources */,
				AE03201A1F08EC5000D92DA7 /* ShellScript */,
				AE80B82A1F14D44F00F7CB29 /* Embed Frameworks */,
			);
			buildRules = (
			);
			dependencies = (
				AE80B8241F14D44F00F7CB29 /* PBXTargetDependency */,
			);
			name = Taskiller;
			productName = TaskillerDemo;
			productReference = AE9B12B21F08D18A005B96B4 /* Taskiller.app */;
			productType = "com.apple.product-type.application";
		};
/* End PBXNativeTarget section */

/* Begin PBXProject section */
		AE9B12AA1F08D18A005B96B4 /* Project object */ = {
			isa = PBXProject;
			attributes = {
				LastSwiftUpdateCheck = 0830;
				LastUpgradeCheck = 0830;
				ORGANIZATIONNAME = kingcyk;
				TargetAttributes = {
					AE80B81D1F14D44E00F7CB29 = {
						CreatedOnToolsVersion = 8.3.2;
						LastSwiftMigration = 0830;
						ProvisioningStyle = Manual;
					};
					AE9B12B11F08D18A005B96B4 = {
						CreatedOnToolsVersion = 8.3.2;
						DevelopmentTeam = 982HK3878L;
						ProvisioningStyle = Automatic;
						SystemCapabilities = {
							com.apple.ApplicationGroups.iOS = {
								enabled = 1;
							};
							com.apple.Keychain = {
								enabled = 1;
							};
							com.apple.Push = {
								enabled = 1;
							};
						};
					};
				};
			};
			buildConfigurationList = AE9B12AD1F08D18A005B96B4 /* Build configuration list for PBXProject "Taskiller" */;
			compatibilityVersion = "Xcode 3.2";
			developmentRegion = English;
			hasScannedForEncodings = 0;
			knownRegions = (
				en,
				Base,
			);
			mainGroup = AE9B12A91F08D18A005B96B4;
			productRefGroup = AE9B12B31F08D18A005B96B4 /* Products */;
			projectDirPath = "";
			projectRoot = "";
			targets = (
				AE9B12B11F08D18A005B96B4 /* Taskiller */,
				AE80B81D1F14D44E00F7CB29 /* TaskillerKit */,
			);
		};
/* End PBXProject section */

/* Begin PBXResourcesBuildPhase section */
		AE80B81C1F14D44E00F7CB29 /* Resources */ = {
			isa = PBXResourcesBuildPhase;
			buildActionMask = 2147483647;
			files = (
			);
			runOnlyForDeploymentPostprocessing = 0;
		};
		AE9B12B01F08D18A005B96B4 /* Resources */ = {
			isa = PBXResourcesBuildPhase;
			buildActionMask = 2147483647;
			files = (
				AE9B12C31F08D18A005B96B4 /* LaunchScreen.storyboard in Resources */,
				AE9B12C01F08D18A005B96B4 /* Assets.xcassets in Resources */,
				AE061C171F0919AE00F91267 /* NewTaskCollectionViewCell.xib in Resources */,
				AE0320161F08EB0100D92DA7 /* Cartfile in Resources */,
				AE9B12BB1F08D18A005B96B4 /* Main.storyboard in Resources */,
				AE4B3C071F090A7800DA4302 /* NewTaskTableViewCell.xib in Resources */,
			);
			runOnlyForDeploymentPostprocessing = 0;
		};
/* End PBXResourcesBuildPhase section */

/* Begin PBXShellScriptBuildPhase section */
		AE03201A1F08EC5000D92DA7 /* ShellScript */ = {
			isa = PBXShellScriptBuildPhase;
			buildActionMask = 2147483647;
			files = (
			);
			inputPaths = (
				"$(SRCROOT)/Carthage/Build/iOS/AppStoreStyleHorizontalScrollView.framework",
				"$(SRCROOT)/Carthage/Build/iOS/KeychainAccess.framework",
				"$(SRCROOT)/Carthage/Build/iOS/Realm.framework",
				"$(SRCROOT)/Carthage/Build/iOS/RealmSwift.framework",
			);
			outputPaths = (
			);
			runOnlyForDeploymentPostprocessing = 0;
			shellPath = /bin/sh;
			shellScript = "/usr/local/bin/carthage copy-frameworks";
		};
/* End PBXShellScriptBuildPhase section */

/* Begin PBXSourcesBuildPhase section */
		AE80B8191F14D44E00F7CB29 /* Sources */ = {
			isa = PBXSourcesBuildPhase;
			buildActionMask = 2147483647;
			files = (
				AE80B82C1F14D47C00F7CB29 /* Common.swift in Sources */,
				AEBA6F1F1F629854009EC4BD /* AccountManager.swift in Sources */,
			);
			runOnlyForDeploymentPostprocessing = 0;
		};
		AE9B12AE1F08D18A005B96B4 /* Sources */ = {
			isa = PBXSourcesBuildPhase;
			buildActionMask = 2147483647;
			files = (
				AE9BA55C1F09265100276EEF /* ListsViewController.swift in Sources */,
				AE9BE2251F65BDB20084A7F7 /* RegisterViewController.swift in Sources */,
				AE9B12CB1F08D2B2005B96B4 /* TodayViewController.swift in Sources */,
				AE9B12B61F08D18A005B96B4 /* AppDelegate.swift in Sources */,
				AE03201C1F08ED7200D92DA7 /* NewTaskViewController.swift in Sources */,
				AEA20C931F4B3F5A007E910E /* MenuViewController.swift in Sources */,
				AEA77D791F68060900A81171 /* MeViewController.swift in Sources */,
				AE4B3C061F090A7800DA4302 /* NewTaskTableViewCell.swift in Sources */,
				AE9BA55E1F09266A00276EEF /* GalleryViewController.swift in Sources */,
				AE061C161F0919AE00F91267 /* NewTaskCollectionViewCell.swift in Sources */,
				AE9BE2231F65B81D0084A7F7 /* LoginViewController.swift in Sources */,
				AE9B12BE1F08D18A005B96B4 /* TaskillerDemo.xcdatamodeld in Sources */,
			);
			runOnlyForDeploymentPostprocessing = 0;
		};
/* End PBXSourcesBuildPhase section */

/* Begin PBXTargetDependency section */
		AE80B8241F14D44F00F7CB29 /* PBXTargetDependency */ = {
			isa = PBXTargetDependency;
			target = AE80B81D1F14D44E00F7CB29 /* TaskillerKit */;
			targetProxy = AE80B8231F14D44F00F7CB29 /* PBXContainerItemProxy */;
		};
/* End PBXTargetDependency section */

/* Begin PBXVariantGroup section */
		AE9B12B91F08D18A005B96B4 /* Main.storyboard */ = {
			isa = PBXVariantGroup;
			children = (
				AE9B12BA1F08D18A005B96B4 /* Base */,
			);
			name = Main.storyboard;
			sourceTree = "<group>";
		};
		AE9B12C11F08D18A005B96B4 /* LaunchScreen.storyboard */ = {
			isa = PBXVariantGroup;
			children = (
				AE9B12C21F08D18A005B96B4 /* Base */,
			);
			name = LaunchScreen.storyboard;
			sourceTree = "<group>";
		};
/* End PBXVariantGroup section */

/* Begin XCBuildConfiguration section */
		AE80B8271F14D44F00F7CB29 /* Debug */ = {
			isa = XCBuildConfiguration;
			buildSettings = {
				CLANG_ENABLE_MODULES = YES;
				CODE_SIGN_IDENTITY = "";
				CURRENT_PROJECT_VERSION = 1;
				DEFINES_MODULE = YES;
				DEVELOPMENT_TEAM = "";
				DYLIB_COMPATIBILITY_VERSION = 1;
				DYLIB_CURRENT_VERSION = 1;
				DYLIB_INSTALL_NAME_BASE = "@rpath";
				FRAMEWORK_SEARCH_PATHS = (
					"$(inherited)",
					"$(PROJECT_DIR)/Carthage/Build/iOS",
				);
				INFOPLIST_FILE = TaskillerDemoKit/Info.plist;
				INSTALL_PATH = "$(LOCAL_LIBRARY_DIR)/Frameworks";
				IPHONEOS_DEPLOYMENT_TARGET = 10.0;
				LD_RUNPATH_SEARCH_PATHS = "$(inherited) @executable_path/Frameworks @loader_path/Frameworks";
				PRODUCT_BUNDLE_IDENTIFIER = com.kingcyk.TaskillerKit;
				PRODUCT_NAME = "$(TARGET_NAME)";
				PROVISIONING_PROFILE_SPECIFIER = "";
				SKIP_INSTALL = YES;
				SWIFT_OPTIMIZATION_LEVEL = "-Onone";
				SWIFT_VERSION = 3.0;
				VERSIONING_SYSTEM = "apple-generic";
				VERSION_INFO_PREFIX = "";
			};
			name = Debug;
		};
		AE80B8281F14D44F00F7CB29 /* Release */ = {
			isa = XCBuildConfiguration;
			buildSettings = {
				CLANG_ENABLE_MODULES = YES;
				CODE_SIGN_IDENTITY = "";
				CURRENT_PROJECT_VERSION = 1;
				DEFINES_MODULE = YES;
				DEVELOPMENT_TEAM = "";
				DYLIB_COMPATIBILITY_VERSION = 1;
				DYLIB_CURRENT_VERSION = 1;
				DYLIB_INSTALL_NAME_BASE = "@rpath";
				FRAMEWORK_SEARCH_PATHS = (
					"$(inherited)",
					"$(PROJECT_DIR)/Carthage/Build/iOS",
				);
				INFOPLIST_FILE = TaskillerDemoKit/Info.plist;
				INSTALL_PATH = "$(LOCAL_LIBRARY_DIR)/Frameworks";
				IPHONEOS_DEPLOYMENT_TARGET = 10.0;
				LD_RUNPATH_SEARCH_PATHS = "$(inherited) @executable_path/Frameworks @loader_path/Frameworks";
				PRODUCT_BUNDLE_IDENTIFIER = com.kingcyk.TaskillerKit;
				PRODUCT_NAME = "$(TARGET_NAME)";
				PROVISIONING_PROFILE_SPECIFIER = "";
				SKIP_INSTALL = YES;
				SWIFT_VERSION = 3.0;
				VERSIONING_SYSTEM = "apple-generic";
				VERSION_INFO_PREFIX = "";
			};
			name = Release;
		};
		AE9B12C51F08D18A005B96B4 /* Debug */ = {
			isa = XCBuildConfiguration;
			buildSettings = {
				ALWAYS_SEARCH_USER_PATHS = NO;
				CLANG_ANALYZER_NONNULL = YES;
				CLANG_ANALYZER_NUMBER_OBJECT_CONVERSION = YES_AGGRESSIVE;
				CLANG_CXX_LANGUAGE_STANDARD = "gnu++0x";
				CLANG_CXX_LIBRARY = "libc++";
				CLANG_ENABLE_MODULES = YES;
				CLANG_ENABLE_OBJC_ARC = YES;
				CLANG_WARN_BOOL_CONVERSION = YES;
				CLANG_WARN_CONSTANT_CONVERSION = YES;
				CLANG_WARN_DIRECT_OBJC_ISA_USAGE = YES_ERROR;
				CLANG_WARN_DOCUMENTATION_COMMENTS = YES;
				CLANG_WARN_EMPTY_BODY = YES;
				CLANG_WARN_ENUM_CONVERSION = YES;
				CLANG_WARN_INFINITE_RECURSION = YES;
				CLANG_WARN_INT_CONVERSION = YES;
				CLANG_WARN_OBJC_ROOT_CLASS = YES_ERROR;
				CLANG_WARN_SUSPICIOUS_MOVE = YES;
				CLANG_WARN_UNREACHABLE_CODE = YES;
				CLANG_WARN__DUPLICATE_METHOD_MATCH = YES;
				"CODE_SIGN_IDENTITY[sdk=iphoneos*]" = "iPhone Developer";
				COPY_PHASE_STRIP = NO;
				DEBUG_INFORMATION_FORMAT = dwarf;
				ENABLE_STRICT_OBJC_MSGSEND = YES;
				ENABLE_TESTABILITY = YES;
				GCC_C_LANGUAGE_STANDARD = gnu99;
				GCC_DYNAMIC_NO_PIC = NO;
				GCC_NO_COMMON_BLOCKS = YES;
				GCC_OPTIMIZATION_LEVEL = 0;
				GCC_PREPROCESSOR_DEFINITIONS = (
					"DEBUG=1",
					"$(inherited)",
				);
				GCC_WARN_64_TO_32_BIT_CONVERSION = YES;
				GCC_WARN_ABOUT_RETURN_TYPE = YES_ERROR;
				GCC_WARN_UNDECLARED_SELECTOR = YES;
				GCC_WARN_UNINITIALIZED_AUTOS = YES_AGGRESSIVE;
				GCC_WARN_UNUSED_FUNCTION = YES;
				GCC_WARN_UNUSED_VARIABLE = YES;
				IPHONEOS_DEPLOYMENT_TARGET = 10.3;
				MTL_ENABLE_DEBUG_INFO = YES;
				ONLY_ACTIVE_ARCH = YES;
				SDKROOT = iphoneos;
				SWIFT_ACTIVE_COMPILATION_CONDITIONS = DEBUG;
				SWIFT_OPTIMIZATION_LEVEL = "-Onone";
				TARGETED_DEVICE_FAMILY = "1,2";
			};
			name = Debug;
		};
		AE9B12C61F08D18A005B96B4 /* Release */ = {
			isa = XCBuildConfiguration;
			buildSettings = {
				ALWAYS_SEARCH_USER_PATHS = NO;
				CLANG_ANALYZER_NONNULL = YES;
				CLANG_ANALYZER_NUMBER_OBJECT_CONVERSION = YES_AGGRESSIVE;
				CLANG_CXX_LANGUAGE_STANDARD = "gnu++0x";
				CLANG_CXX_LIBRARY = "libc++";
				CLANG_ENABLE_MODULES = YES;
				CLANG_ENABLE_OBJC_ARC = YES;
				CLANG_WARN_BOOL_CONVERSION = YES;
				CLANG_WARN_CONSTANT_CONVERSION = YES;
				CLANG_WARN_DIRECT_OBJC_ISA_USAGE = YES_ERROR;
				CLANG_WARN_DOCUMENTATION_COMMENTS = YES;
				CLANG_WARN_EMPTY_BODY = YES;
				CLANG_WARN_ENUM_CONVERSION = YES;
				CLANG_WARN_INFINITE_RECURSION = YES;
				CLANG_WARN_INT_CONVERSION = YES;
				CLANG_WARN_OBJC_ROOT_CLASS = YES_ERROR;
				CLANG_WARN_SUSPICIOUS_MOVE = YES;
				CLANG_WARN_UNREACHABLE_CODE = YES;
				CLANG_WARN__DUPLICATE_METHOD_MATCH = YES;
				"CODE_SIGN_IDENTITY[sdk=iphoneos*]" = "iPhone Developer";
				COPY_PHASE_STRIP = NO;
				DEBUG_INFORMATION_FORMAT = "dwarf-with-dsym";
				ENABLE_NS_ASSERTIONS = NO;
				ENABLE_STRICT_OBJC_MSGSEND = YES;
				GCC_C_LANGUAGE_STANDARD = gnu99;
				GCC_NO_COMMON_BLOCKS = YES;
				GCC_WARN_64_TO_32_BIT_CONVERSION = YES;
				GCC_WARN_ABOUT_RETURN_TYPE = YES_ERROR;
				GCC_WARN_UNDECLARED_SELECTOR = YES;
				GCC_WARN_UNINITIALIZED_AUTOS = YES_AGGRESSIVE;
				GCC_WARN_UNUSED_FUNCTION = YES;
				GCC_WARN_UNUSED_VARIABLE = YES;
				IPHONEOS_DEPLOYMENT_TARGET = 10.3;
				MTL_ENABLE_DEBUG_INFO = NO;
				SDKROOT = iphoneos;
				SWIFT_OPTIMIZATION_LEVEL = "-Owholemodule";
				TARGETED_DEVICE_FAMILY = "1,2";
				VALIDATE_PRODUCT = YES;
			};
			name = Release;
		};
		AE9B12C81F08D18A005B96B4 /* Debug */ = {
			isa = XCBuildConfiguration;
			buildSettings = {
				ALWAYS_EMBED_SWIFT_STANDARD_LIBRARIES = YES;
				ASSETCATALOG_COMPILER_APPICON_NAME = AppIcon;
				CODE_SIGN_ENTITLEMENTS = Taskiller.entitlements;
				"CODE_SIGN_IDENTITY[sdk=iphoneos*]" = "iPhone Developer";
				DEVELOPMENT_TEAM = 982HK3878L;
				FRAMEWORK_SEARCH_PATHS = (
					"$(inherited)",
					"$(PROJECT_DIR)/Carthage/Build/iOS",
				);
				INFOPLIST_FILE = TaskillerDemo/Info.plist;
				IPHONEOS_DEPLOYMENT_TARGET = 10.0;
				LD_RUNPATH_SEARCH_PATHS = "$(inherited) @executable_path/Frameworks";
				PRODUCT_BUNDLE_IDENTIFIER = com.kingcyk.Taskiller;
				PRODUCT_NAME = "$(TARGET_NAME)";
				PROVISIONING_PROFILE_SPECIFIER = "";
				SWIFT_VERSION = 3.0;
				TARGETED_DEVICE_FAMILY = 1;
			};
			name = Debug;
		};
		AE9B12C91F08D18A005B96B4 /* Release */ = {
			isa = XCBuildConfiguration;
			buildSettings = {
				ALWAYS_EMBED_SWIFT_STANDARD_LIBRARIES = YES;
				ASSETCATALOG_COMPILER_APPICON_NAME = AppIcon;
				CODE_SIGN_ENTITLEMENTS = Taskiller.entitlements;
				"CODE_SIGN_IDENTITY[sdk=iphoneos*]" = "iPhone Developer";
				DEVELOPMENT_TEAM = 982HK3878L;
				FRAMEWORK_SEARCH_PATHS = (
					"$(inherited)",
					"$(PROJECT_DIR)/Carthage/Build/iOS",
				);
				INFOPLIST_FILE = TaskillerDemo/Info.plist;
				IPHONEOS_DEPLOYMENT_TARGET = 10.0;
				LD_RUNPATH_SEARCH_PATHS = "$(inherited) @executable_path/Frameworks";
				PRODUCT_BUNDLE_IDENTIFIER = com.kingcyk.Taskiller;
				PRODUCT_NAME = "$(TARGET_NAME)";
				PROVISIONING_PROFILE_SPECIFIER = "";
				SWIFT_VERSION = 3.0;
				TARGETED_DEVICE_FAMILY = 1;
			};
			name = Release;
		};
/* End XCBuildConfiguration section */

/* Begin XCConfigurationList section */
		AE80B8291F14D44F00F7CB29 /* Build configuration list for PBXNativeTarget "TaskillerKit" */ = {
			isa = XCConfigurationList;
			buildConfigurations = (
				AE80B8271F14D44F00F7CB29 /* Debug */,
				AE80B8281F14D44F00F7CB29 /* Release */,
			);
			defaultConfigurationIsVisible = 0;
			defaultConfigurationName = Release;
		};
		AE9B12AD1F08D18A005B96B4 /* Build configuration list for PBXProject "Taskiller" */ = {
			isa = XCConfigurationList;
			buildConfigurations = (
				AE9B12C51F08D18A005B96B4 /* Debug */,
				AE9B12C61F08D18A005B96B4 /* Release */,
			);
			defaultConfigurationIsVisible = 0;
			defaultConfigurationName = Release;
		};
		AE9B12C71F08D18A005B96B4 /* Build configuration list for PBXNativeTarget "Taskiller" */ = {
			isa = XCConfigurationList;
			buildConfigurations = (
				AE9B12C81F08D18A005B96B4 /* Debug */,
				AE9B12C91F08D18A005B96B4 /* Release */,
			);
			defaultConfigurationIsVisible = 0;
			defaultConfigurationName = Release;
		};
/* End XCConfigurationList section */

/* Begin XCVersionGroup section */
		AE9B12BC1F08D18A005B96B4 /* TaskillerDemo.xcdatamodeld */ = {
			isa = XCVersionGroup;
			children = (
				AE9B12BD1F08D18A005B96B4 /* TaskillerDemo.xcdatamodel */,
			);
			currentVersion = AE9B12BD1F08D18A005B96B4 /* TaskillerDemo.xcdatamodel */;
			path = TaskillerDemo.xcdatamodeld;
			sourceTree = "<group>";
			versionGroupType = wrapper.xcdatamodel;
		};
/* End XCVersionGroup section */
	};
	rootObject = AE9B12AA1F08D18A005B96B4 /* Project object */;
}
